
Microsoft Visual Studio Solution File, Format Version 12.00
# Visual Studio Version 17
VisualStudioVersion = 17.10.35122.118
MinimumVisualStudioVersion = 10.0.40219.1
Project("{9A19103F-16F7-4668-BE54-9A1E7A4F7556}") = "Clinic", "Clinic\Clinic.csproj", "{C15BB9AE-7925-45A8-A627-B6A15CFCB229}"
EndProject
Global
	GlobalSection(SolutionConfigurationPlatforms) = preSolution
		Debug|Any CPU = Debug|Any CPU
		Release|Any CPU = Release|Any CPU
	EndGlobalSection
	GlobalSection(ProjectConfigurationPlatforms) = postSolution
		{C15BB9AE-7925-45A8-A627-B6A15CFCB229}.Debug|Any CPU.ActiveCfg = Debug|Any CPU
		{C15BB9AE-7925-45A8-A627-B6A15CFCB229}.Debug|Any CPU.Build.0 = Debug|Any CPU
		{C15BB9AE-7925-45A8-A627-B6A15CFCB229}.Release|Any CPU.ActiveCfg = Release|Any CPU
		{C15BB9AE-7925-45A8-A627-B6A15CFCB229}.Release|Any CPU.Build.0 = Release|Any CPU
	EndGlobalSection
	GlobalSection(SolutionProperties) = preSolution
		HideSolutionNode = FALSE
	EndGlobalSection
	GlobalSection(ExtensibilityGlobals) = postSolution
		SolutionGuid = {BC2E2D54-3A2F-472D-83C5-4BF47E0F6F92}
	EndGlobalSection
EndGlobal
